Microsoft Visual Studio Solution File, Format Version 12.00
# Visual Studio 2012
Project("{FAE04EC0-301F-11D3-BF4B-00C04F79EFBC}") = "gdnet-chat", "gdnet-chat.csproj", "{D092D66A-6354-4871-80E7-892CC76EB6A2}"
EndProject
Global
	GlobalSection(SolutionConfigurationPlatforms) = preSolution
	Debug|Any CPU = Debug|Any CPU
	ExportDebug|Any CPU = ExportDebug|Any CPU
	ExportRelease|Any CPU = ExportRelease|Any CPU
	EndGlobalSection
	GlobalSection(ProjectConfigurationPlatforms) = postSolution
		{D092D66A-6354-4871-80E7-892CC76EB6A2}.Debug|Any CPU.ActiveCfg = Debug|Any CPU
		{D092D66A-6354-4871-80E7-892CC76EB6A2}.Debug|Any CPU.Build.0 = Debug|Any CPU
		{D092D66A-6354-4871-80E7-892CC76EB6A2}.ExportDebug|Any CPU.ActiveCfg = ExportDebug|Any CPU
		{D092D66A-6354-4871-80E7-892CC76EB6A2}.ExportDebug|Any CPU.Build.0 = ExportDebug|Any CPU
		{D092D66A-6354-4871-80E7-892CC76EB6A2}.ExportRelease|Any CPU.ActiveCfg = ExportRelease|Any CPU
		{D092D66A-6354-4871-80E7-892CC76EB6A2}.ExportRelease|Any CPU.Build.0 = ExportRelease|Any CPU
	EndGlobalSection
EndGlobal
